
Microsoft Visual Studio Solution File, Format Version 12.00
# Visual Studio Version 17
VisualStudioVersion = 17.9.34607.119
MinimumVisualStudioVersion = 10.0.40219.1
Project("{FAE04EC0-301F-11D3-BF4B-00C04F79EFBC}") = "desafio2", "desafio2\desafio2.csproj", "{D49BFE31-7920-400B-93AB-8E2B0A5A3AB3}"
EndProject
Global
	GlobalSection(SolutionConfigurationPlatforms) = preSolution
		Debug|Any CPU = Debug|Any CPU
		Release|Any CPU = Release|Any CPU
	EndGlobalSection
	GlobalSection(ProjectConfigurationPlatforms) = postSolution
		{D49BFE31-7920-400B-93AB-8E2B0A5A3AB3}.Debug|Any CPU.ActiveCfg = Debug|Any CPU
		{D49BFE31-7920-400B-93AB-8E2B0A5A3AB3}.Debug|Any CPU.Build.0 = Debug|Any CPU
		{D49BFE31-7920-400B-93AB-8E2B0A5A3AB3}.Release|Any CPU.ActiveCfg = Release|Any CPU
		{D49BFE31-7920-400B-93AB-8E2B0A5A3AB3}.Release|Any CPU.Build.0 = Release|Any CPU
	EndGlobalSection
	GlobalSection(SolutionProperties) = preSolution
		HideSolutionNode = FALSE
	EndGlobalSection
	GlobalSection(ExtensibilityGlobals) = postSolution
		SolutionGuid = {533D0FD4-FC59-4C29-A144-0A8022934813}
	EndGlobalSection
EndGlobal
